<Solution>
  <Folder Name="/Lib/">
    <Project Path="Lib/Caching/Caching.csproj" />
    <Project Path="Lib/Core/Core.csproj" />
    <Project Path="Lib/Eventing.Abstractions/Eventing.Abstractions.csproj" />
    <Project Path="Lib/Eventing/Eventing.csproj" />
    <Project Path="Lib/Jobs/Jobs.csproj" Id="8ea652eb-ce20-4cb4-a4bd-7902d24208dd" />
    <Project Path="Lib/Mailing/Mailing.csproj" />
    <Project Path="Lib/Persistence/Persistence.csproj" Id="5a988325-a6ee-4bd9-8909-a56e60b86bad" />
    <Project Path="Lib/Shared/Shared.csproj" Id="3588897f-ada8-4f4f-a8f7-3457a1286769" />
    <Project Path="Lib/Storage/Storage.csproj" />
    <Project Path="Lib/Web/Web.csproj" />
  </Folder>
  <Folder Name="/Mods/" />
  <Folder Name="/Mods/Audit/">
    <Project Path="Mods/Audit/Spec/Audit.Spec.csproj" />
    <Project Path="Mods/Audit/Src/Audit.Src.csproj" Id="2764205b-8725-43a7-b499-67b98959ad50" />
  </Folder>
  <Folder Name="/Mods/Billing/">
    <Project Path="Mods/Billing/Spec/Billing.Spec.csproj" />
    <Project Path="Mods/Billing/Src/Billing.Src.csproj" />
  </Folder>
  <Folder Name="/Mods/Chat/">
    <Project Path="Mods/Chat/Spec/Chat.Spec.csproj" />
    <Project Path="Mods/Chat/Src/Chat.Src.csproj" />
  </Folder>
  <Folder Name="/Mods/File/">
    <Project Path="Mods/File/Spec/File.Spec.csproj" />
    <Project Path="Mods/File/Src/File.Src.csproj" />
  </Folder>
  <Folder Name="/Mods/Identity/">
    <Project Path="Mods/Identity/Spec/Identity.Spec.csproj" />
    <Project Path="Mods/Identity/Src/Identity.Src.csproj" Id="ebeb33cd-9cce-41b0-9bbc-43988dae9a46" />
  </Folder>
  <Folder Name="/Mods/Notification/">
    <Project Path="Mods/Notification/Spec/Notification.Spec.csproj" />
    <Project Path="Mods/Notification/Src/Notification.Src.csproj" />
  </Folder>
  <Folder Name="/Mods/Ticket/">
    <Project Path="Mods/Ticket/Spec/Ticket.Spec.csproj" />
    <Project Path="Mods/Ticket/Src/Ticket.Src.csproj" />
  </Folder>
  <Folder Name="/Mods/Webhook/">
    <Project Path="Mods/Webhook/Spec/Webhook.Spec.csproj" />
    <Project Path="Mods/Webhook/Src/Webhook.Src.csproj" />
  </Folder>
  <Folder Name="/Host/">
    <Project Path="Host/Api/Api.csproj" Id="187ce245-0a57-469c-96c2-a88902f2d40d" />
    <Project Path="Host/DbMigrator/DbMigrator.csproj" />
  </Folder>
  <!--#if (aspire) -->
  <Folder Name="/Host/AppHost/">
    <Project Path="Host/AppHost/AppHost.csproj" Id="86bd02ee-f1b5-472c-b5bd-bc607fe084de" />
  </Folder>
  <!--#endif -->
  <Folder Name="/Host/Migrations/">
    <Project Path="Host/Migrations/Migrations.csproj" Id="2c21903e-5dfa-47e0-82d9-1a0bd627fcbd" />
  </Folder>
</Solution>